
Microsoft Visual Studio Solution File, Format Version 12.00
# Visual Studio Version 16
VisualStudioVersion = 16.0.29215.179
MinimumVisualStudioVersion = 10.0.40219.1
Project("{FAE04EC0-301F-11D3-BF4B-00C04F79EFBC}") = "StockView", "StockView\StockView.csproj", "{7D65F519-2212-41C4-89B6-977B4508451C}"
EndProject
Project("{FAE04EC0-301F-11D3-BF4B-00C04F79EFBC}") = "StockViewTests", "StockViewTests\StockViewTests.csproj", "{83AF24C3-E803-4E1E-AB2B-1822193BD341}"
EndProject
Global
	GlobalSection(SolutionConfigurationPlatforms) = preSolution
		Debug|Any CPU = Debug|Any CPU
		Release|Any CPU = Release|Any CPU
	EndGlobalSection
	GlobalSection(ProjectConfigurationPlatforms) = postSolution
		{7D65F519-2212-41C4-89B6-977B4508451C}.Debug|Any CPU.ActiveCfg = Debug|Any CPU
		{7D65F519-2212-41C4-89B6-977B4508451C}.Debug|Any CPU.Build.0 = Debug|Any CPU
		{7D65F519-2212-41C4-89B6-977B4508451C}.Release|Any CPU.ActiveCfg = Release|Any CPU
		{7D65F519-2212-41C4-89B6-977B4508451C}.Release|Any CPU.Build.0 = Release|Any CPU
		{83AF24C3-E803-4E1E-AB2B-1822193BD341}.Debug|Any CPU.ActiveCfg = Debug|Any CPU
		{83AF24C3-E803-4E1E-AB2B-1822193BD341}.Debug|Any CPU.Build.0 = Debug|Any CPU
		{83AF24C3-E803-4E1E-AB2B-1822193BD341}.Release|Any CPU.ActiveCfg = Release|Any CPU
		{83AF24C3-E803-4E1E-AB2B-1822193BD341}.Release|Any CPU.Build.0 = Release|Any CPU
	EndGlobalSection
	GlobalSection(SolutionProperties) = preSolution
		HideSolutionNode = FALSE
	EndGlobalSection
	GlobalSection(ExtensibilityGlobals) = postSolution
		SolutionGuid = {147EA8FD-9F60-4A3B-A974-FBACE012A920}
	EndGlobalSection
EndGlobal
